
Microsoft Visual Studio Solution File, Format Version 12.00
# Visual Studio 2013
VisualStudioVersion = 12.0.21005.1
MinimumVisualStudioVersion = 10.0.40219.1
Project("{8BC9CEB8-8B4A-11D0-8D11-00A0C91BC942}") = "Expandable", "Expandable\Expandable.vcxproj", "{D4828D66-D790-422F-9A06-0A35B3B3CFA8}"
EndProject
Project("{8BC9CEB8-8B4A-11D0-8D11-00A0C91BC942}") = "ExpandableDLL_x86", "ExpandableDLL_x86\ExpandableDLL_x86.vcxproj", "{255EC0C5-DE0C-4292-9565-A0E1115B900D}"
EndProject
Project("{888888A0-9F3D-457C-B088-3A5042F75D52}") = "NotificationServerTest", "NotificationTest\NotificationServerTest.pyproj", "{BABBF828-03C6-41DC-A2B7-0BF55EA3C02B}"
EndProject
Global
	GlobalSection(SolutionConfigurationPlatforms) = preSolution
		Debug|Any CPU = Debug|Any CPU
		Debug|Mixed Platforms = Debug|Mixed Platforms
		Debug|Win32 = Debug|Win32
		Debug|x64 = Debug|x64
		Debug64|Any CPU = Debug64|Any CPU
		Debug64|Mixed Platforms = Debug64|Mixed Platforms
		Debug64|Win32 = Debug64|Win32
		Debug64|x64 = Debug64|x64
		DebugDLLExcutable|Any CPU = DebugDLLExcutable|Any CPU
		DebugDLLExcutable|Mixed Platforms = DebugDLLExcutable|Mixed Platforms
		DebugDLLExcutable|Win32 = DebugDLLExcutable|Win32
		DebugDLLExcutable|x64 = DebugDLLExcutable|x64
		Release|Any CPU = Release|Any CPU
		Release|Mixed Platforms = Release|Mixed Platforms
		Release|Win32 = Release|Win32
		Release|x64 = Release|x64
		Release64|Any CPU = Release64|Any CPU
		Release64|Mixed Platforms = Release64|Mixed Platforms
		Release64|Win32 = Release64|Win32
		Release64|x64 = Release64|x64
	EndGlobalSection
	GlobalSection(ProjectConfigurationPlatforms) = postSolution
		{D4828D66-D790-422F-9A06-0A35B3B3CFA8}.Debug|Any CPU.ActiveCfg = Debug|Win32
		{D4828D66-D790-422F-9A06-0A35B3B3CFA8}.Debug|Mixed Platforms.ActiveCfg = Debug|Win32
		{D4828D66-D790-422F-9A06-0A35B3B3CFA8}.Debug|Mixed Platforms.Build.0 = Debug|Win32
		{D4828D66-D790-422F-9A06-0A35B3B3CFA8}.Debug|Win32.ActiveCfg = Debug|Win32
		{D4828D66-D790-422F-9A06-0A35B3B3CFA8}.Debug|Win32.Build.0 = Debug|Win32
		{D4828D66-D790-422F-9A06-0A35B3B3CFA8}.Debug|x64.ActiveCfg = Debug|Win32
		{D4828D66-D790-422F-9A06-0A35B3B3CFA8}.Debug64|Any CPU.ActiveCfg = Debug|Win32
		{D4828D66-D790-422F-9A06-0A35B3B3CFA8}.Debug64|Mixed Platforms.ActiveCfg = Debug|Win32
		{D4828D66-D790-422F-9A06-0A35B3B3CFA8}.Debug64|Mixed Platforms.Build.0 = Debug|Win32
		{D4828D66-D790-422F-9A06-0A35B3B3CFA8}.Debug64|Win32.ActiveCfg = Debug|Win32
		{D4828D66-D790-422F-9A06-0A35B3B3CFA8}.Debug64|Win32.Build.0 = Debug|Win32
		{D4828D66-D790-422F-9A06-0A35B3B3CFA8}.Debug64|x64.ActiveCfg = Debug|Win32
		{D4828D66-D790-422F-9A06-0A35B3B3CFA8}.DebugDLLExcutable|Any CPU.ActiveCfg = Debug|Win32
		{D4828D66-D790-422F-9A06-0A35B3B3CFA8}.DebugDLLExcutable|Mixed Platforms.ActiveCfg = Debug|Win32
		{D4828D66-D790-422F-9A06-0A35B3B3CFA8}.DebugDLLExcutable|Mixed Platforms.Build.0 = Debug|Win32
		{D4828D66-D790-422F-9A06-0A35B3B3CFA8}.DebugDLLExcutable|Win32.ActiveCfg = Debug|Win32
		{D4828D66-D790-422F-9A06-0A35B3B3CFA8}.DebugDLLExcutable|Win32.Build.0 = Debug|Win32
		{D4828D66-D790-422F-9A06-0A35B3B3CFA8}.DebugDLLExcutable|x64.ActiveCfg = Debug|Win32
		{D4828D66-D790-422F-9A06-0A35B3B3CFA8}.Release|Any CPU.ActiveCfg = Release|Win32
		{D4828D66-D790-422F-9A06-0A35B3B3CFA8}.Release|Mixed Platforms.ActiveCfg = Release|Win32
		{D4828D66-D790-422F-9A06-0A35B3B3CFA8}.Release|Mixed Platforms.Build.0 = Release|Win32
		{D4828D66-D790-422F-9A06-0A35B3B3CFA8}.Release|Win32.ActiveCfg = Release|Win32
		{D4828D66-D790-422F-9A06-0A35B3B3CFA8}.Release|Win32.Build.0 = Release|Win32
		{D4828D66-D790-422F-9A06-0A35B3B3CFA8}.Release|x64.ActiveCfg = Release|Win32
		{D4828D66-D790-422F-9A06-0A35B3B3CFA8}.Release64|Any CPU.ActiveCfg = Release|Win32
		{D4828D66-D790-422F-9A06-0A35B3B3CFA8}.Release64|Mixed Platforms.ActiveCfg = Release|Win32
		{D4828D66-D790-422F-9A06-0A35B3B3CFA8}.Release64|Mixed Platforms.Build.0 = Release|Win32
		{D4828D66-D790-422F-9A06-0A35B3B3CFA8}.Release64|Win32.ActiveCfg = Release|Win32
		{D4828D66-D790-422F-9A06-0A35B3B3CFA8}.Release64|Win32.Build.0 = Release|Win32
		{D4828D66-D790-422F-9A06-0A35B3B3CFA8}.Release64|x64.ActiveCfg = Release|Win32
		{255EC0C5-DE0C-4292-9565-A0E1115B900D}.Debug|Any CPU.ActiveCfg = Debug|Win32
		{255EC0C5-DE0C-4292-9565-A0E1115B900D}.Debug|Mixed Platforms.ActiveCfg = Debug|Win32
		{255EC0C5-DE0C-4292-9565-A0E1115B900D}.Debug|Mixed Platforms.Build.0 = Debug|Win32
		{255EC0C5-DE0C-4292-9565-A0E1115B900D}.Debug|Win32.ActiveCfg = Debug|Win32
		{255EC0C5-DE0C-4292-9565-A0E1115B900D}.Debug|Win32.Build.0 = Debug|Win32
		{255EC0C5-DE0C-4292-9565-A0E1115B900D}.Debug|x64.ActiveCfg = Debug|x64
		{255EC0C5-DE0C-4292-9565-A0E1115B900D}.Debug|x64.Build.0 = Debug|x64
		{255EC0C5-DE0C-4292-9565-A0E1115B900D}.Debug64|Any CPU.ActiveCfg = Debug64|Win32
		{255EC0C5-DE0C-4292-9565-A0E1115B900D}.Debug64|Mixed Platforms.ActiveCfg = Debug64|Win32
		{255EC0C5-DE0C-4292-9565-A0E1115B900D}.Debug64|Mixed Platforms.Build.0 = Debug64|Win32
		{255EC0C5-DE0C-4292-9565-A0E1115B900D}.Debug64|Win32.ActiveCfg = Debug64|Win32
		{255EC0C5-DE0C-4292-9565-A0E1115B900D}.Debug64|Win32.Build.0 = Debug64|Win32
		{255EC0C5-DE0C-4292-9565-A0E1115B900D}.Debug64|x64.ActiveCfg = Debug64|x64
		{255EC0C5-DE0C-4292-9565-A0E1115B900D}.Debug64|x64.Build.0 = Debug64|x64
		{255EC0C5-DE0C-4292-9565-A0E1115B900D}.DebugDLLExcutable|Any CPU.ActiveCfg = DebugExcutable|Win32
		{255EC0C5-DE0C-4292-9565-A0E1115B900D}.DebugDLLExcutable|Mixed Platforms.ActiveCfg = DebugExcutable|Win32
		{255EC0C5-DE0C-4292-9565-A0E1115B900D}.DebugDLLExcutable|Mixed Platforms.Build.0 = DebugExcutable|Win32
		{255EC0C5-DE0C-4292-9565-A0E1115B900D}.DebugDLLExcutable|Win32.ActiveCfg = DebugExcutable|Win32
		{255EC0C5-DE0C-4292-9565-A0E1115B900D}.DebugDLLExcutable|Win32.Build.0 = DebugExcutable|Win32
		{255EC0C5-DE0C-4292-9565-A0E1115B900D}.DebugDLLExcutable|x64.ActiveCfg = DebugExcutable|x64
		{255EC0C5-DE0C-4292-9565-A0E1115B900D}.DebugDLLExcutable|x64.Build.0 = DebugExcutable|x64
		{255EC0C5-DE0C-4292-9565-A0E1115B900D}.Release|Any CPU.ActiveCfg = Release|Win32
		{255EC0C5-DE0C-4292-9565-A0E1115B900D}.Release|Mixed Platforms.ActiveCfg = Release|Win32
		{255EC0C5-DE0C-4292-9565-A0E1115B900D}.Release|Mixed Platforms.Build.0 = Release|Win32
		{255EC0C5-DE0C-4292-9565-A0E1115B900D}.Release|Win32.ActiveCfg = Release|Win32
		{255EC0C5-DE0C-4292-9565-A0E1115B900D}.Release|Win32.Build.0 = Release|Win32
		{255EC0C5-DE0C-4292-9565-A0E1115B900D}.Release|x64.ActiveCfg = Release|x64
		{255EC0C5-DE0C-4292-9565-A0E1115B900D}.Release|x64.Build.0 = Release|x64
		{255EC0C5-DE0C-4292-9565-A0E1115B900D}.Release64|Any CPU.ActiveCfg = Release64|Win32
		{255EC0C5-DE0C-4292-9565-A0E1115B900D}.Release64|Mixed Platforms.ActiveCfg = Release64|Win32
		{255EC0C5-DE0C-4292-9565-A0E1115B900D}.Release64|Mixed Platforms.Build.0 = Release64|Win32
		{255EC0C5-DE0C-4292-9565-A0E1115B900D}.Release64|Win32.ActiveCfg = Release64|Win32
		{255EC0C5-DE0C-4292-9565-A0E1115B900D}.Release64|Win32.Build.0 = Release64|Win32
		{255EC0C5-DE0C-4292-9565-A0E1115B900D}.Release64|x64.ActiveCfg = Release64|x64
		{255EC0C5-DE0C-4292-9565-A0E1115B900D}.Release64|x64.Build.0 = Release64|x64
		{BABBF828-03C6-41DC-A2B7-0BF55EA3C02B}.Debug|Any CPU.ActiveCfg = Debug|Any CPU
		{BABBF828-03C6-41DC-A2B7-0BF55EA3C02B}.Debug|Mixed Platforms.ActiveCfg = Debug|Any CPU
		{BABBF828-03C6-41DC-A2B7-0BF55EA3C02B}.Debug|Win32.ActiveCfg = Debug|Any CPU
		{BABBF828-03C6-41DC-A2B7-0BF55EA3C02B}.Debug|x64.ActiveCfg = Debug|Any CPU
		{BABBF828-03C6-41DC-A2B7-0BF55EA3C02B}.Debug64|Any CPU.ActiveCfg = Debug|Any CPU
		{BABBF828-03C6-41DC-A2B7-0BF55EA3C02B}.Debug64|Mixed Platforms.ActiveCfg = Debug|Any CPU
		{BABBF828-03C6-41DC-A2B7-0BF55EA3C02B}.Debug64|Win32.ActiveCfg = Debug|Any CPU
		{BABBF828-03C6-41DC-A2B7-0BF55EA3C02B}.Debug64|x64.ActiveCfg = Debug|Any CPU
		{BABBF828-03C6-41DC-A2B7-0BF55EA3C02B}.DebugDLLExcutable|Any CPU.ActiveCfg = Debug|Any CPU
		{BABBF828-03C6-41DC-A2B7-0BF55EA3C02B}.DebugDLLExcutable|Mixed Platforms.ActiveCfg = Debug|Any CPU
		{BABBF828-03C6-41DC-A2B7-0BF55EA3C02B}.DebugDLLExcutable|Win32.ActiveCfg = Debug|Any CPU
		{BABBF828-03C6-41DC-A2B7-0BF55EA3C02B}.DebugDLLExcutable|x64.ActiveCfg = Debug|Any CPU
		{BABBF828-03C6-41DC-A2B7-0BF55EA3C02B}.Release|Any CPU.ActiveCfg = Release|Any CPU
		{BABBF828-03C6-41DC-A2B7-0BF55EA3C02B}.Release|Mixed Platforms.ActiveCfg = Release|Any CPU
		{BABBF828-03C6-41DC-A2B7-0BF55EA3C02B}.Release|Win32.ActiveCfg = Release|Any CPU
		{BABBF828-03C6-41DC-A2B7-0BF55EA3C02B}.Release|x64.ActiveCfg = Release|Any CPU
		{BABBF828-03C6-41DC-A2B7-0BF55EA3C02B}.Release64|Any CPU.ActiveCfg = Release|Any CPU
		{BABBF828-03C6-41DC-A2B7-0BF55EA3C02B}.Release64|Mixed Platforms.ActiveCfg = Release|Any CPU
		{BABBF828-03C6-41DC-A2B7-0BF55EA3C02B}.Release64|Win32.ActiveCfg = Release|Any CPU
		{BABBF828-03C6-41DC-A2B7-0BF55EA3C02B}.Release64|x64.ActiveCfg = Release|Any CPU
	EndGlobalSection
	GlobalSection(SolutionProperties) = preSolution
		HideSolutionNode = FALSE
	EndGlobalSection
EndGlobal
