<?xml version="1.0" encoding="utf-8"?>
<Project ToolsVersion="4.0" xmlns="http://schemas.microsoft.com/developer/msbuild/2003">
  <ItemGroup>
    <Filter Include="소스 파일">
      <UniqueIdentifier>{4FC737F1-C7A5-4376-A066-2A32D752A2FF}</UniqueIdentifier>
      <Extensions>cpp;c;cc;cxx;def;odl;idl;hpj;bat;asm;asmx</Extensions>
    </Filter>
    <Filter Include="헤더 파일">
      <UniqueIdentifier>{93995380-89BD-4b04-88EB-625FBE52EBFB}</UniqueIdentifier>
      <Extensions>h;hh;hpp;hxx;hm;inl;inc;xsd</Extensions>
    </Filter>
    <Filter Include="리소스 파일">
      <UniqueIdentifier>{67DA6AB6-F800-4c08-8B7A-83BB121AAD01}</UniqueIdentifier>
      <Extensions>rc;ico;cur;bmp;dlg;rc2;rct;bin;rgs;gif;jpg;jpeg;jpe;resx;tiff;tif;png;wav;mfcribbon-ms</Extensions>
    </Filter>
    <Filter Include="AeroPeek">
      <UniqueIdentifier>{6bb15250-21fb-4567-abcf-ed97d2829438}</UniqueIdentifier>
    </Filter>
    <Filter Include="GlobalWindow">
      <UniqueIdentifier>{a695bc85-eb7e-40f5-9f79-bcf9184578c5}</UniqueIdentifier>
    </Filter>
    <Filter Include="WindowSwitcher">
      <UniqueIdentifier>{26859507-c487-4b27-affc-4d5c2fb975a8}</UniqueIdentifier>
    </Filter>
    <Filter Include="DesktopSwitcher">
      <UniqueIdentifier>{bd8e691c-7660-429b-ba7e-ec5e125110c5}</UniqueIdentifier>
    </Filter>
    <Filter Include="Map">
      <UniqueIdentifier>{cec9e148-089f-449d-954f-0ffb026f2841}</UniqueIdentifier>
    </Filter>
    <Filter Include="EnvironmentManager">
      <UniqueIdentifier>{848d1d5d-3019-4044-a7ce-00daed1d4da5}</UniqueIdentifier>
    </Filter>
  </ItemGroup>
  <ItemGroup>
    <Text Include="ReadMe.txt" />
  </ItemGroup>
  <ItemGroup>
    <ClInclude Include="Expandable.h">
      <Filter>헤더 파일</Filter>
    </ClInclude>
    <ClInclude Include="stdafx.h">
      <Filter>헤더 파일</Filter>
    </ClInclude>
    <ClInclude Include="targetver.h">
      <Filter>헤더 파일</Filter>
    </ClInclude>
    <ClInclude Include="MainFrm.h">
      <Filter>헤더 파일</Filter>
    </ClInclude>
    <ClInclude Include="ExpandableDoc.h">
      <Filter>헤더 파일</Filter>
    </ClInclude>
    <ClInclude Include="ExpandableView.h">
      <Filter>헤더 파일</Filter>
    </ClInclude>
    <ClInclude Include="Resource.h">
      <Filter>헤더 파일</Filter>
    </ClInclude>
    <ClInclude Include="E_AeroPeekController.h">
      <Filter>AeroPeek</Filter>
    </ClInclude>
    <ClInclude Include="E_Global.h">
      <Filter>GlobalWindow</Filter>
    </ClInclude>
    <ClInclude Include="E_Desktop.h">
      <Filter>GlobalWindow</Filter>
    </ClInclude>
    <ClInclude Include="E_Window.h">
      <Filter>GlobalWindow</Filter>
    </ClInclude>
    <ClInclude Include="E_DesktopSwitcher.h">
      <Filter>DesktopSwitcher</Filter>
    </ClInclude>
    <ClInclude Include="E_Map.h">
      <Filter>Map</Filter>
    </ClInclude>
    <ClInclude Include="E_EnvironmentManager.h">
      <Filter>EnvironmentManager</Filter>
    </ClInclude>
    <ClInclude Include="E_GlobalUpdater.h">
      <Filter>GlobalWindow</Filter>
    </ClInclude>
  </ItemGroup>
  <ItemGroup>
    <ClCompile Include="Expandable.cpp">
      <Filter>소스 파일</Filter>
    </ClCompile>
    <ClCompile Include="stdafx.cpp">
      <Filter>소스 파일</Filter>
    </ClCompile>
    <ClCompile Include="MainFrm.cpp">
      <Filter>소스 파일</Filter>
    </ClCompile>
    <ClCompile Include="ExpandableDoc.cpp">
      <Filter>소스 파일</Filter>
    </ClCompile>
    <ClCompile Include="ExpandableView.cpp">
      <Filter>소스 파일</Filter>
    </ClCompile>
    <ClCompile Include="E_AeroPeekController.cpp">
      <Filter>AeroPeek</Filter>
    </ClCompile>
    <ClCompile Include="E_Desktop.cpp">
      <Filter>GlobalWindow</Filter>
    </ClCompile>
    <ClCompile Include="E_Global.cpp">
      <Filter>GlobalWindow</Filter>
    </ClCompile>
    <ClCompile Include="E_Window.cpp">
      <Filter>GlobalWindow</Filter>
    </ClCompile>
    <ClCompile Include="E_DesktopSwitcher.cpp">
      <Filter>DesktopSwitcher</Filter>
    </ClCompile>
    <ClCompile Include="E_Map.cpp">
      <Filter>Map</Filter>
    </ClCompile>
    <ClCompile Include="E_EnvironmentManager.cpp">
      <Filter>EnvironmentManager</Filter>
    </ClCompile>
    <ClCompile Include="E_GlobalUpdater.cpp">
      <Filter>GlobalWindow</Filter>
    </ClCompile>
  </ItemGroup>
  <ItemGroup>
    <ResourceCompile Include="Expandable.rc">
      <Filter>리소스 파일</Filter>
    </ResourceCompile>
  </ItemGroup>
  <ItemGroup>
    <Image Include="UserImages.bmp">
      <Filter>리소스 파일</Filter>
    </Image>
    <Image Include="res\ExpandableDoc.ico">
      <Filter>리소스 파일</Filter>
    </Image>
    <Image Include="res\Expandable.ico">
      <Filter>리소스 파일</Filter>
    </Image>
    <Image Include="res\Toolbar.bmp">
      <Filter>리소스 파일</Filter>
    </Image>
    <Image Include="res\Toolbar256.bmp">
      <Filter>리소스 파일</Filter>
    </Image>
  </ItemGroup>
  <ItemGroup>
    <None Include="res\Expandable.rc2">
      <Filter>리소스 파일</Filter>
    </None>
    <None Include="ClassDiagram.cd" />
    <None Include="ClassDiagram1.cd" />
  </ItemGroup>
</Project>